
Microsoft Visual Studio Solution File, Format Version 12.00
# Visual Studio Version 16
VisualStudioVersion = 16.0.31129.286
MinimumVisualStudioVersion = 10.0.40219.1
Project("{FAE04EC0-301F-11D3-BF4B-00C04F79EFBC}") = "HappyBattleship.ConsoleUI", "HappyBattleship.ConsoleUI\HappyBattleship.ConsoleUI.csproj", "{9797F1D1-7737-427D-9C50-9C4AE19DACD2}"
	ProjectSection(ProjectDependencies) = postProject
		{CC22EA32-0AEF-4D33-8803-AC5FFF228E45} = {CC22EA32-0AEF-4D33-8803-AC5FFF228E45}
	EndProjectSection
EndProject
Project("{FAE04EC0-301F-11D3-BF4B-00C04F79EFBC}") = "HappyBattleship.Library", "HappyBattleship.Library\HappyBattleship.Library.csproj", "{CC22EA32-0AEF-4D33-8803-AC5FFF228E45}"
EndProject
Project("{FAE04EC0-301F-11D3-BF4B-00C04F79EFBC}") = "HappyBattleship.Web", "HappyBattleship.Web\HappyBattleship.Web.csproj", "{FCD78AD4-B333-4BBC-A8B5-017CEA8F4B42}"
EndProject
Global
	GlobalSection(SolutionConfigurationPlatforms) = preSolution
		Debug|Any CPU = Debug|Any CPU
		Release|Any CPU = Release|Any CPU
	EndGlobalSection
	GlobalSection(ProjectConfigurationPlatforms) = postSolution
		{9797F1D1-7737-427D-9C50-9C4AE19DACD2}.Debug|Any CPU.ActiveCfg = Debug|Any CPU
		{9797F1D1-7737-427D-9C50-9C4AE19DACD2}.Debug|Any CPU.Build.0 = Debug|Any CPU
		{9797F1D1-7737-427D-9C50-9C4AE19DACD2}.Release|Any CPU.ActiveCfg = Release|Any CPU
		{9797F1D1-7737-427D-9C50-9C4AE19DACD2}.Release|Any CPU.Build.0 = Release|Any CPU
		{CC22EA32-0AEF-4D33-8803-AC5FFF228E45}.Debug|Any CPU.ActiveCfg = Debug|Any CPU
		{CC22EA32-0AEF-4D33-8803-AC5FFF228E45}.Debug|Any CPU.Build.0 = Debug|Any CPU
		{CC22EA32-0AEF-4D33-8803-AC5FFF228E45}.Release|Any CPU.ActiveCfg = Release|Any CPU
		{CC22EA32-0AEF-4D33-8803-AC5FFF228E45}.Release|Any CPU.Build.0 = Release|Any CPU
		{FCD78AD4-B333-4BBC-A8B5-017CEA8F4B42}.Debug|Any CPU.ActiveCfg = Debug|Any CPU
		{FCD78AD4-B333-4BBC-A8B5-017CEA8F4B42}.Debug|Any CPU.Build.0 = Debug|Any CPU
		{FCD78AD4-B333-4BBC-A8B5-017CEA8F4B42}.Release|Any CPU.ActiveCfg = Release|Any CPU
		{FCD78AD4-B333-4BBC-A8B5-017CEA8F4B42}.Release|Any CPU.Build.0 = Release|Any CPU
	EndGlobalSection
	GlobalSection(SolutionProperties) = preSolution
		HideSolutionNode = FALSE
	EndGlobalSection
	GlobalSection(ExtensibilityGlobals) = postSolution
		SolutionGuid = {8A8C9DD8-50FF-4813-A2F4-107A066D1A3F}
	EndGlobalSection
EndGlobal
